<?xml version="1.0" encoding="utf-8"?>
<Project ToolsVersion="4.0" xmlns="http://schemas.microsoft.com/developer/msbuild/2003">
  <ItemGroup>
    <Filter Include="Source Files">
      <UniqueIdentifier>{4FC737F1-C7A5-4376-A066-2A32D752A2FF}</UniqueIdentifier>
      <Extensions>cpp;c;cc;cxx;def;odl;idl;hpj;bat;asm;asmx</Extensions>
    </Filter>
    <Filter Include="Header Files">
      <UniqueIdentifier>{93995380-89BD-4b04-88EB-625FBE52EBFB}</UniqueIdentifier>
      <Extensions>h;hpp;hxx;hm;inl;inc;xsd</Extensions>
    </Filter>
    <Filter Include="Resource Files">
      <UniqueIdentifier>{67DA6AB6-F800-4c08-8B7A-83BB121AAD01}</UniqueIdentifier>
      <Extensions>rc;ico;cur;bmp;dlg;rc2;rct;bin;rgs;gif;jpg;jpeg;jpe;resx;tiff;tif;png;wav;mfcribbon-ms</Extensions>
    </Filter>
  </ItemGroup>
  <ItemGroup>
    <None Include="bin\test.mfl" />
    <None Include="bin\Interp.exe" />
    <None Include="bin\MFLinterpretor.exe" />
    <None Include="docs\Lab3_DoP_MFL_2015.pdf" />
  </ItemGroup>
  <ItemGroup>
    <ClCompile Include="source\base\mfl\env.c">
      <Filter>Source Files</Filter>
    </ClCompile>
    <ClCompile Include="source\base\mfl\exp.c">
      <Filter>Source Files</Filter>
    </ClCompile>
    <ClCompile Include="source\base\mfl\value.c">
      <Filter>Source Files</Filter>
    </ClCompile>
    <ClCompile Include="source\dop-lab3.c">
      <Filter>Source Files</Filter>
    </ClCompile>
    <ClCompile Include="source\base\intexpinterp\symtab.c">
      <Filter>Source Files</Filter>
    </ClCompile>
    <ClCompile Include="source\base\intexpinterp\scanadt.c">
      <Filter>Source Files</Filter>
    </ClCompile>
    <ClCompile Include="source\print.c">
      <Filter>Source Files</Filter>
    </ClCompile>
    <ClCompile Include="source\parser.c">
      <Filter>Source Files</Filter>
    </ClCompile>
    <ClCompile Include="source\base\mfl\eval.c">
      <Filter>Source Files</Filter>
    </ClCompile>
  </ItemGroup>
  <ItemGroup>
    <ClInclude Include="source\base\mfl\env.h">
      <Filter>Header Files</Filter>
    </ClInclude>
    <ClInclude Include="source\base\mfl\eval.h">
      <Filter>Header Files</Filter>
    </ClInclude>
    <ClInclude Include="source\base\mfl\exp.h">
      <Filter>Header Files</Filter>
    </ClInclude>
    <ClInclude Include="source\base\mfl\value.h">
      <Filter>Header Files</Filter>
    </ClInclude>
    <ClInclude Include="source\base\pclibs\exception.h">
      <Filter>Header Files</Filter>
    </ClInclude>
    <ClInclude Include="source\base\pclibs\genlib.h">
      <Filter>Header Files</Filter>
    </ClInclude>
    <ClInclude Include="source\base\pclibs\simpio.h">
      <Filter>Header Files</Filter>
    </ClInclude>
    <ClInclude Include="source\base\pclibs\strlib.h">
      <Filter>Header Files</Filter>
    </ClInclude>
    <ClInclude Include="source\base\mfl\parser.h">
      <Filter>Header Files</Filter>
    </ClInclude>
    <ClInclude Include="source\base\mfl\print.h">
      <Filter>Header Files</Filter>
    </ClInclude>
    <ClInclude Include="source\base\intexpinterp\symtab.h">
      <Filter>Header Files</Filter>
    </ClInclude>
    <ClInclude Include="source\base\intexpinterp\scanadt.h">
      <Filter>Header Files</Filter>
    </ClInclude>
  </ItemGroup>
  <ItemGroup>
    <Library Include="lib\PCLibs2012.lib">
      <Filter>Resource Files</Filter>
    </Library>
  </ItemGroup>
</Project>